
Microsoft Visual Studio Solution File, Format Version 12.00
# Visual Studio Version 17
VisualStudioVersion = 17.3.32804.467
MinimumVisualStudioVersion = 10.0.40219.1
Project("{FAE04EC0-301F-11D3-BF4B-00C04F79EFBC}") = "core-app", "core-app.csproj", "{A69571E3-BF8D-4268-95EC-1A752DED4B99}"
EndProject
Global
	GlobalSection(SolutionConfigurationPlatforms) = preSolution
		Debug|Any CPU = Debug|Any CPU
		Release|Any CPU = Release|Any CPU
	EndGlobalSection
	GlobalSection(ProjectConfigurationPlatforms) = postSolution
		{A69571E3-BF8D-4268-95EC-1A752DED4B99}.Debug|Any CPU.ActiveCfg = Debug|Any CPU
		{A69571E3-BF8D-4268-95EC-1A752DED4B99}.Debug|Any CPU.Build.0 = Debug|Any CPU
		{A69571E3-BF8D-4268-95EC-1A752DED4B99}.Release|Any CPU.ActiveCfg = Release|Any CPU
		{A69571E3-BF8D-4268-95EC-1A752DED4B99}.Release|Any CPU.Build.0 = Release|Any CPU
	EndGlobalSection
	GlobalSection(SolutionProperties) = preSolution
		HideSolutionNode = FALSE
	EndGlobalSection
	GlobalSection(ExtensibilityGlobals) = postSolution
		SolutionGuid = {AC28464C-B6AB-488A-A14F-CB3CF86B77BF}
	EndGlobalSection
EndGlobal
